
Microsoft Visual Studio Solution File, Format Version 12.00
# Visual Studio Version 16
VisualStudioVersion = 16.0.29230.47
MinimumVisualStudioVersion = 10.0.40219.1
Project("{FAE04EC0-301F-11D3-BF4B-00C04F79EFBC}") = "RickRoll", "RickRoll\RickRoll.csproj", "{66C68011-4376-4D62-83DA-4DBD794036BA}"
EndProject
Global
	GlobalSection(SolutionConfigurationPlatforms) = preSolution
		Debug|Any CPU = Debug|Any CPU
		Release|Any CPU = Release|Any CPU
	EndGlobalSection
	GlobalSection(ProjectConfigurationPlatforms) = postSolution
		{66C68011-4376-4D62-83DA-4DBD794036BA}.Debug|Any CPU.ActiveCfg = Debug|Any CPU
		{66C68011-4376-4D62-83DA-4DBD794036BA}.Debug|Any CPU.Build.0 = Debug|Any CPU
		{66C68011-4376-4D62-83DA-4DBD794036BA}.Release|Any CPU.ActiveCfg = Release|Any CPU
		{66C68011-4376-4D62-83DA-4DBD794036BA}.Release|Any CPU.Build.0 = Release|Any CPU
	EndGlobalSection
	GlobalSection(SolutionProperties) = preSolution
		HideSolutionNode = FALSE
	EndGlobalSection
	GlobalSection(ExtensibilityGlobals) = postSolution
		SolutionGuid = {B8A273F6-E5C0-4117-9F05-16FE6452988F}
	EndGlobalSection
EndGlobal
